
Microsoft Visual Studio Solution File, Format Version 12.00
# Visual Studio Version 17
VisualStudioVersion = 17.6.33815.320
MinimumVisualStudioVersion = 10.0.40219.1
Project("{9A19103F-16F7-4668-BE54-9A1E7A4F7556}") = "SunTechChallenge", "SunTechChallenge\SunTechChallenge.csproj", "{A361A403-997F-4F4C-AD09-827C7257032E}"
EndProject
Global
	GlobalSection(SolutionConfigurationPlatforms) = preSolution
		Debug|Any CPU = Debug|Any CPU
		Release|Any CPU = Release|Any CPU
	EndGlobalSection
	GlobalSection(ProjectConfigurationPlatforms) = postSolution
		{A361A403-997F-4F4C-AD09-827C7257032E}.Debug|Any CPU.ActiveCfg = Debug|Any CPU
		{A361A403-997F-4F4C-AD09-827C7257032E}.Debug|Any CPU.Build.0 = Debug|Any CPU
		{A361A403-997F-4F4C-AD09-827C7257032E}.Release|Any CPU.ActiveCfg = Release|Any CPU
		{A361A403-997F-4F4C-AD09-827C7257032E}.Release|Any CPU.Build.0 = Release|Any CPU
	EndGlobalSection
	GlobalSection(SolutionProperties) = preSolution
		HideSolutionNode = FALSE
	EndGlobalSection
	GlobalSection(ExtensibilityGlobals) = postSolution
		SolutionGuid = {AFEBF577-390B-41D9-BA29-E7C36FD5A971}
	EndGlobalSection
EndGlobal
